// !$*UTF8*$!
{
	archiveVersion = 1;
	classes = {
	};
	objectVersion = 55;
	objects = {

/* Begin PBXBuildFile section */
		B506FB0428B6B38300A67906 /* GoogleService-Info.plist in Resources */ = {isa = PBXBuildFile; fileRef = B506FB0328B6B38000A67906 /* GoogleService-Info.plist */; };
		B5100EE328BACA7400AD784F /* PrinterViewController.swift in Sources */ = {isa = PBXBuildFile; fileRef = B5100EE228BACA7400AD784F /* PrinterViewController.swift */; };
		B515B3BA28B6495B00BB0927 /* AppDelegate.swift in Sources */ = {isa = PBXBuildFile; fileRef = B515B3B928B6495B00BB0927 /* AppDelegate.swift */; };
		B515B3BC28B6495B00BB0927 /* SceneDelegate.swift in Sources */ = {isa = PBXBuildFile; fileRef = B515B3BB28B6495B00BB0927 /* SceneDelegate.swift */; };
		B515B3BE28B6495B00BB0927 /* ViewController.swift in Sources */ = {isa = PBXBuildFile; fileRef = B515B3BD28B6495B00BB0927 /* ViewController.swift */; };
		B515B3C128B6495B00BB0927 /* Main.storyboard in Resources */ = {isa = PBXBuildFile; fileRef = B515B3BF28B6495B00BB0927 /* Main.storyboard */; };
		B515B3C328B6495D00BB0927 /* Assets.xcassets in Resources */ = {isa = PBXBuildFile; fileRef = B515B3C228B6495D00BB0927 /* Assets.xcassets */; };
		B515B3C628B6495D00BB0927 /* LaunchScreen.storyboard in Resources */ = {isa = PBXBuildFile; fileRef = B515B3C428B6495D00BB0927 /* LaunchScreen.storyboard */; };
		B515B3D128B64B1C00BB0927 /* CreateFilamentViewController.swift in Sources */ = {isa = PBXBuildFile; fileRef = B515B3D028B64B1C00BB0927 /* CreateFilamentViewController.swift */; };
		B515B3D728B66C1500BB0927 /* FirebaseAuth in Frameworks */ = {isa = PBXBuildFile; productRef = B515B3D628B66C1500BB0927 /* FirebaseAuth */; };
		B515B3D928B66C1500BB0927 /* FirebaseDatabase in Frameworks */ = {isa = PBXBuildFile; productRef = B515B3D828B66C1500BB0927 /* FirebaseDatabase */; };
		B515B3DB28B66C1500BB0927 /* FirebaseDatabaseSwift in Frameworks */ = {isa = PBXBuildFile; productRef = B515B3DA28B66C1500BB0927 /* FirebaseDatabaseSwift */; };
		B515B3DD28B66C1500BB0927 /* FirebaseFirestore in Frameworks */ = {isa = PBXBuildFile; productRef = B515B3DC28B66C1500BB0927 /* FirebaseFirestore */; };
		B515B3DF28B66C1500BB0927 /* FirebaseFirestoreSwift in Frameworks */ = {isa = PBXBuildFile; productRef = B515B3DE28B66C1500BB0927 /* FirebaseFirestoreSwift */; };
		B515B3E128B66C1500BB0927 /* FirebaseStorage in Frameworks */ = {isa = PBXBuildFile; productRef = B515B3E028B66C1500BB0927 /* FirebaseStorage */; };
		B528030228B7F6E4004D455A /* TakeOrderViewController.swift in Sources */ = {isa = PBXBuildFile; fileRef = B528030128B7F6E4004D455A /* TakeOrderViewController.swift */; };
		B528030428B7FCD4004D455A /* Order.swift in Sources */ = {isa = PBXBuildFile; fileRef = B528030328B7FCD4004D455A /* Order.swift */; };
		B528030A28B8060D004D455A /* TakeOrderViewModel.swift in Sources */ = {isa = PBXBuildFile; fileRef = B528030928B8060D004D455A /* TakeOrderViewModel.swift */; };
		B531B3C228BAB6B600C18C79 /* PrinterViewModel.swift in Sources */ = {isa = PBXBuildFile; fileRef = B531B3C128BAB6B600C18C79 /* PrinterViewModel.swift */; };
		B531B3C428BAB6D200C18C79 /* Printer.swift in Sources */ = {isa = PBXBuildFile; fileRef = B531B3C328BAB6D200C18C79 /* Printer.swift */; };
		B531B3C628BAB88C00C18C79 /* BaseViewModel.swift in Sources */ = {isa = PBXBuildFile; fileRef = B531B3C528BAB88C00C18C79 /* BaseViewModel.swift */; };
		B537080E28B79595006B036E /* Filament.swift in Sources */ = {isa = PBXBuildFile; fileRef = B537080D28B79595006B036E /* Filament.swift */; };
		B537081028B7983C006B036E /* FilamentViewModel.swift in Sources */ = {isa = PBXBuildFile; fileRef = B537080F28B7983C006B036E /* FilamentViewModel.swift */; };
		B579DD6128BA1DE5007A6C7F /* DataModel.swift in Sources */ = {isa = PBXBuildFile; fileRef = B579DD6028BA1DE5007A6C7F /* DataModel.swift */; };
		B5AE8F1128BBE90C005663DA /* InfoPopUpViewController.swift in Sources */ = {isa = PBXBuildFile; fileRef = B5AE8F1028BBE90C005663DA /* InfoPopUpViewController.swift */; };
		B5C86AA528BA5B6500CCEA9D /* MainMenuViewController.swift in Sources */ = {isa = PBXBuildFile; fileRef = B5C86AA428BA5B6000CCEA9D /* MainMenuViewController.swift */; };
		B5DA0CAD28B6A369003FB299 /* Firebase.swift in Sources */ = {isa = PBXBuildFile; fileRef = B5DA0CAC28B6A369003FB299 /* Firebase.swift */; };
/* End PBXBuildFile section */

/* Begin PBXFileReference section */
		B506FB0328B6B38000A67906 /* GoogleService-Info.plist */ = {isa = PBXFileReference; fileEncoding = 4; lastKnownFileType = text.plist.xml; name = "GoogleService-Info.plist"; path = "../../../../Downloads/GoogleService-Info.plist"; sourceTree = "<group>"; };
		B5100EE228BACA7400AD784F /* PrinterViewController.swift */ = {isa = PBXFileReference; lastKnownFileType = sourcecode.swift; path = PrinterViewController.swift; sourceTree = "<group>"; };
		B515B3B628B6495B00BB0927 /* PrinterCostCalculator.app */ = {isa = PBXFileReference; explicitFileType = wrapper.application; includeInIndex = 0; path = PrinterCostCalculator.app; sourceTree = BUILT_PRODUCTS_DIR; };
		B515B3B928B6495B00BB0927 /* AppDelegate.swift */ = {isa = PBXFileReference; lastKnownFileType = sourcecode.swift; path = AppDelegate.swift; sourceTree = "<group>"; };
		B515B3BB28B6495B00BB0927 /* SceneDelegate.swift */ = {isa = PBXFileReference; lastKnownFileType = sourcecode.swift; path = SceneDelegate.swift; sourceTree = "<group>"; };
		B515B3BD28B6495B00BB0927 /* ViewController.swift */ = {isa = PBXFileReference; lastKnownFileType = sourcecode.swift; path = ViewController.swift; sourceTree = "<group>"; };
		B515B3C028B6495B00BB0927 /* Base */ = {isa = PBXFileReference; lastKnownFileType = file.storyboard; name = Base; path = Base.lproj/Main.storyboard; sourceTree = "<group>"; };
		B515B3C228B6495D00BB0927 /* Assets.xcassets */ = {isa = PBXFileReference; lastKnownFileType = folder.assetcatalog; path = Assets.xcassets; sourceTree = "<group>"; };
		B515B3C528B6495D00BB0927 /* Base */ = {isa = PBXFileReference; lastKnownFileType = file.storyboard; name = Base; path = Base.lproj/LaunchScreen.storyboard; sourceTree = "<group>"; };
		B515B3C728B6495D00BB0927 /* Info.plist */ = {isa = PBXFileReference; lastKnownFileType = text.plist.xml; path = Info.plist; sourceTree = "<group>"; };
		B515B3D028B64B1C00BB0927 /* CreateFilamentViewController.swift */ = {isa = PBXFileReference; lastKnownFileType = sourcecode.swift; path = CreateFilamentViewController.swift; sourceTree = "<group>"; };
		B528030128B7F6E4004D455A /* TakeOrderViewController.swift */ = {isa = PBXFileReference; lastKnownFileType = sourcecode.swift; path = TakeOrderViewController.swift; sourceTree = "<group>"; };
		B528030328B7FCD4004D455A /* Order.swift */ = {isa = PBXFileReference; lastKnownFileType = sourcecode.swift; path = Order.swift; sourceTree = "<group>"; };
		B528030928B8060D004D455A /* TakeOrderViewModel.swift */ = {isa = PBXFileReference; lastKnownFileType = sourcecode.swift; path = TakeOrderViewModel.swift; sourceTree = "<group>"; };
		B531B3C128BAB6B600C18C79 /* PrinterViewModel.swift */ = {isa = PBXFileReference; lastKnownFileType = sourcecode.swift; path = PrinterViewModel.swift; sourceTree = "<group>"; };
		B531B3C328BAB6D200C18C79 /* Printer.swift */ = {isa = PBXFileReference; lastKnownFileType = sourcecode.swift; path = Printer.swift; sourceTree = "<group>"; };
		B531B3C528BAB88C00C18C79 /* BaseViewModel.swift */ = {isa = PBXFileReference; lastKnownFileType = sourcecode.swift; path = BaseViewModel.swift; sourceTree = "<group>"; };
		B537080D28B79595006B036E /* Filament.swift */ = {isa = PBXFileReference; lastKnownFileType = sourcecode.swift; path = Filament.swift; sourceTree = "<group>"; };
		B537080F28B7983C006B036E /* FilamentViewModel.swift */ = {isa = PBXFileReference; lastKnownFileType = sourcecode.swift; path = FilamentViewModel.swift; sourceTree = "<group>"; };
		B579DD6028BA1DE5007A6C7F /* DataModel.swift */ = {isa = PBXFileReference; lastKnownFileType = sourcecode.swift; path = DataModel.swift; sourceTree = "<group>"; };
		B5AE8F1028BBE90C005663DA /* InfoPopUpViewController.swift */ = {isa = PBXFileReference; lastKnownFileType = sourcecode.swift; path = InfoPopUpViewController.swift; sourceTree = "<group>"; };
		B5C86AA428BA5B6000CCEA9D /* MainMenuViewController.swift */ = {isa = PBXFileReference; lastKnownFileType = sourcecode.swift; path = MainMenuViewController.swift; sourceTree = "<group>"; };
		B5DA0CAC28B6A369003FB299 /* Firebase.swift */ = {isa = PBXFileReference; lastKnownFileType = sourcecode.swift; path = Firebase.swift; sourceTree = "<group>"; };
/* End PBXFileReference section */

/* Begin PBXFrameworksBuildPhase section */
		B515B3B328B6495B00BB0927 /* Frameworks */ = {
			isa = PBXFrameworksBuildPhase;
			buildActionMask = 2147483647;
			files = (
				B515B3DF28B66C1500BB0927 /* FirebaseFirestoreSwift in Frameworks */,
				B515B3DB28B66C1500BB0927 /* FirebaseDatabaseSwift in Frameworks */,
				B515B3DD28B66C1500BB0927 /* FirebaseFirestore in Frameworks */,
				B515B3D928B66C1500BB0927 /* FirebaseDatabase in Frameworks */,
				B515B3D728B66C1500BB0927 /* FirebaseAuth in Frameworks */,
				B515B3E128B66C1500BB0927 /* FirebaseStorage in Frameworks */,
			);
			runOnlyForDeploymentPostprocessing = 0;
		};
/* End PBXFrameworksBuildPhase section */

/* Begin PBXGroup section */
		B515B3AD28B6495B00BB0927 = {
			isa = PBXGroup;
			children = (
				B515B3B828B6495B00BB0927 /* PrinterCostCalculator */,
				B515B3B728B6495B00BB0927 /* Products */,
			);
			sourceTree = "<group>";
		};
		B515B3B728B6495B00BB0927 /* Products */ = {
			isa = PBXGroup;
			children = (
				B515B3B628B6495B00BB0927 /* PrinterCostCalculator.app */,
			);
			name = Products;
			sourceTree = "<group>";
		};
		B515B3B828B6495B00BB0927 /* PrinterCostCalculator */ = {
			isa = PBXGroup;
			children = (
				B506FB0328B6B38000A67906 /* GoogleService-Info.plist */,
				B5DA0CAB28B6A335003FB299 /* Service */,
				B515B3CE28B64AC900BB0927 /* Model */,
				B515B3CF28B64AD600BB0927 /* ViewModel */,
				B515B3CD28B64AAD00BB0927 /* View */,
				B515B3B928B6495B00BB0927 /* AppDelegate.swift */,
				B515B3BB28B6495B00BB0927 /* SceneDelegate.swift */,
				B515B3BF28B6495B00BB0927 /* Main.storyboard */,
				B515B3C228B6495D00BB0927 /* Assets.xcassets */,
				B515B3C428B6495D00BB0927 /* LaunchScreen.storyboard */,
				B515B3C728B6495D00BB0927 /* Info.plist */,
			);
			path = PrinterCostCalculator;
			sourceTree = "<group>";
		};
		B515B3CD28B64AAD00BB0927 /* View */ = {
			isa = PBXGroup;
			children = (
				B515B3D028B64B1C00BB0927 /* CreateFilamentViewController.swift */,
				B515B3BD28B6495B00BB0927 /* ViewController.swift */,
				B528030128B7F6E4004D455A /* TakeOrderViewController.swift */,
				B5C86AA428BA5B6000CCEA9D /* MainMenuViewController.swift */,
				B5100EE228BACA7400AD784F /* PrinterViewController.swift */,
				B5AE8F1028BBE90C005663DA /* InfoPopUpViewController.swift */,
			);
			path = View;
			sourceTree = "<group>";
		};
		B515B3CE28B64AC900BB0927 /* Model */ = {
			isa = PBXGroup;
			children = (
				B5DA0CAC28B6A369003FB299 /* Firebase.swift */,
				B537080D28B79595006B036E /* Filament.swift */,
				B528030328B7FCD4004D455A /* Order.swift */,
				B579DD6028BA1DE5007A6C7F /* DataModel.swift */,
				B531B3C328BAB6D200C18C79 /* Printer.swift */,
			);
			path = Model;
			sourceTree = "<group>";
		};
		B515B3CF28B64AD600BB0927 /* ViewModel */ = {
			isa = PBXGroup;
			children = (
				B537080F28B7983C006B036E /* FilamentViewModel.swift */,
				B528030928B8060D004D455A /* TakeOrderViewModel.swift */,
				B531B3C128BAB6B600C18C79 /* PrinterViewModel.swift */,
				B531B3C528BAB88C00C18C79 /* BaseViewModel.swift */,
			);
			path = ViewModel;
			sourceTree = "<group>";
		};
		B5DA0CAB28B6A335003FB299 /* Service */ = {
			isa = PBXGroup;
			children = (
			);
			path = Service;
			sourceTree = "<group>";
		};
/* End PBXGroup section */

/* Begin PBXNativeTarget section */
		B515B3B528B6495B00BB0927 /* PrinterCostCalculator */ = {
			isa = PBXNativeTarget;
			buildConfigurationList = B515B3CA28B6495D00BB0927 /* Build configuration list for PBXNativeTarget "PrinterCostCalculator" */;
			buildPhases = (
				B515B3B228B6495B00BB0927 /* Sources */,
				B515B3B328B6495B00BB0927 /* Frameworks */,
				B515B3B428B6495B00BB0927 /* Resources */,
			);
			buildRules = (
			);
			dependencies = (
			);
			name = PrinterCostCalculator;
			packageProductDependencies = (
				B515B3D628B66C1500BB0927 /* FirebaseAuth */,
				B515B3D828B66C1500BB0927 /* FirebaseDatabase */,
				B515B3DA28B66C1500BB0927 /* FirebaseDatabaseSwift */,
				B515B3DC28B66C1500BB0927 /* FirebaseFirestore */,
				B515B3DE28B66C1500BB0927 /* FirebaseFirestoreSwift */,
				B515B3E028B66C1500BB0927 /* FirebaseStorage */,
			);
			productName = PrinterCostCalculator;
			productReference = B515B3B628B6495B00BB0927 /* PrinterCostCalculator.app */;
			productType = "com.apple.product-type.application";
		};
/* End PBXNativeTarget section */

/* Begin PBXProject section */
		B515B3AE28B6495B00BB0927 /* Project object */ = {
			isa = PBXProject;
			attributes = {
				BuildIndependentTargetsInParallel = 1;
				LastSwiftUpdateCheck = 1340;
				LastUpgradeCheck = 1340;
				TargetAttributes = {
					B515B3B528B6495B00BB0927 = {
						CreatedOnToolsVersion = 13.4.1;
					};
				};
			};
			buildConfigurationList = B515B3B128B6495B00BB0927 /* Build configuration list for PBXProject "PrinterCostCalculator" */;
			compatibilityVersion = "Xcode 13.0";
			developmentRegion = en;
			hasScannedForEncodings = 0;
			knownRegions = (
				en,
				Base,
			);
			mainGroup = B515B3AD28B6495B00BB0927;
			packageReferences = (
				B515B3D528B66C1500BB0927 /* XCRemoteSwiftPackageReference "firebase-ios-sdk" */,
			);
			productRefGroup = B515B3B728B6495B00BB0927 /* Products */;
			projectDirPath = "";
			projectRoot = "";
			targets = (
				B515B3B528B6495B00BB0927 /* PrinterCostCalculator */,
			);
		};
/* End PBXProject section */

/* Begin PBXResourcesBuildPhase section */
		B515B3B428B6495B00BB0927 /* Resources */ = {
			isa = PBXResourcesBuildPhase;
			buildActionMask = 2147483647;
			files = (
				B515B3C628B6495D00BB0927 /* LaunchScreen.storyboard in Resources */,
				B506FB0428B6B38300A67906 /* GoogleService-Info.plist in Resources */,
				B515B3C328B6495D00BB0927 /* Assets.xcassets in Resources */,
				B515B3C128B6495B00BB0927 /* Main.storyboard in Resources */,
			);
			runOnlyForDeploymentPostprocessing = 0;
		};
/* End PBXResourcesBuildPhase section */

/* Begin PBXSourcesBuildPhase section */
		B515B3B228B6495B00BB0927 /* Sources */ = {
			isa = PBXSourcesBuildPhase;
			buildActionMask = 2147483647;
			files = (
				B5C86AA528BA5B6500CCEA9D /* MainMenuViewController.swift in Sources */,
				B528030A28B8060D004D455A /* TakeOrderViewModel.swift in Sources */,
				B528030228B7F6E4004D455A /* TakeOrderViewController.swift in Sources */,
				B579DD6128BA1DE5007A6C7F /* DataModel.swift in Sources */,
				B5DA0CAD28B6A369003FB299 /* Firebase.swift in Sources */,
				B531B3C228BAB6B600C18C79 /* PrinterViewModel.swift in Sources */,
				B531B3C428BAB6D200C18C79 /* Printer.swift in Sources */,
				B537080E28B79595006B036E /* Filament.swift in Sources */,
				B528030428B7FCD4004D455A /* Order.swift in Sources */,
				B5100EE328BACA7400AD784F /* PrinterViewController.swift in Sources */,
				B515B3D128B64B1C00BB0927 /* CreateFilamentViewController.swift in Sources */,
				B537081028B7983C006B036E /* FilamentViewModel.swift in Sources */,
				B5AE8F1128BBE90C005663DA /* InfoPopUpViewController.swift in Sources */,
				B531B3C628BAB88C00C18C79 /* BaseViewModel.swift in Sources */,
				B515B3BE28B6495B00BB0927 /* ViewController.swift in Sources */,
				B515B3BA28B6495B00BB0927 /* AppDelegate.swift in Sources */,
				B515B3BC28B6495B00BB0927 /* SceneDelegate.swift in Sources */,
			);
			runOnlyForDeploymentPostprocessing = 0;
		};
/* End PBXSourcesBuildPhase section */

/* Begin PBXVariantGroup section */
		B515B3BF28B6495B00BB0927 /* Main.storyboard */ = {
			isa = PBXVariantGroup;
			children = (
				B515B3C028B6495B00BB0927 /* Base */,
			);
			name = Main.storyboard;
			sourceTree = "<group>";
		};
		B515B3C428B6495D00BB0927 /* LaunchScreen.storyboard */ = {
			isa = PBXVariantGroup;
			children = (
				B515B3C528B6495D00BB0927 /* Base */,
			);
			name = LaunchScreen.storyboard;
			sourceTree = "<group>";
		};
/* End PBXVariantGroup section */

/* Begin XCBuildConfiguration section */
		B515B3C828B6495D00BB0927 /* Debug */ = {
			isa = XCBuildConfiguration;
			buildSettings = {
				ALWAYS_SEARCH_USER_PATHS = NO;
				CLANG_ANALYZER_NONNULL = YES;
				CLANG_ANALYZER_NUMBER_OBJECT_CONVERSION = YES_AGGRESSIVE;
				CLANG_CXX_LANGUAGE_STANDARD = "gnu++17";
				CLANG_ENABLE_MODULES = YES;
				CLANG_ENABLE_OBJC_ARC = YES;
				CLANG_ENABLE_OBJC_WEAK = YES;
				CLANG_WARN_BLOCK_CAPTURE_AUTORELEASING = YES;
				CLANG_WARN_BOOL_CONVERSION = YES;
				CLANG_WARN_COMMA = YES;
				CLANG_WARN_CONSTANT_CONVERSION = YES;
				CLANG_WARN_DEPRECATED_OBJC_IMPLEMENTATIONS = YES;
				CLANG_WARN_DIRECT_OBJC_ISA_USAGE = YES_ERROR;
				CLANG_WARN_DOCUMENTATION_COMMENTS = YES;
				CLANG_WARN_EMPTY_BODY = YES;
				CLANG_WARN_ENUM_CONVERSION = YES;
				CLANG_WARN_INFINITE_RECURSION = YES;
				CLANG_WARN_INT_CONVERSION = YES;
				CLANG_WARN_NON_LITERAL_NULL_CONVERSION = YES;
				CLANG_WARN_OBJC_IMPLICIT_RETAIN_SELF = YES;
				CLANG_WARN_OBJC_LITERAL_CONVERSION = YES;
				CLANG_WARN_OBJC_ROOT_CLASS = YES_ERROR;
				CLANG_WARN_QUOTED_INCLUDE_IN_FRAMEWORK_HEADER = YES;
				CLANG_WARN_RANGE_LOOP_ANALYSIS = YES;
				CLANG_WARN_STRICT_PROTOTYPES = YES;
				CLANG_WARN_SUSPICIOUS_MOVE = YES;
				CLANG_WARN_UNGUARDED_AVAILABILITY = YES_AGGRESSIVE;
				CLANG_WARN_UNREACHABLE_CODE = YES;
				CLANG_WARN__DUPLICATE_METHOD_MATCH = YES;
				COPY_PHASE_STRIP = NO;
				DEBUG_INFORMATION_FORMAT = dwarf;
				ENABLE_STRICT_OBJC_MSGSEND = YES;
				ENABLE_TESTABILITY = YES;
				GCC_C_LANGUAGE_STANDARD = gnu11;
				GCC_DYNAMIC_NO_PIC = NO;
				GCC_NO_COMMON_BLOCKS = YES;
				GCC_OPTIMIZATION_LEVEL = 0;
				GCC_PREPROCESSOR_DEFINITIONS = (
					"DEBUG=1",
					"$(inherited)",
				);
				GCC_WARN_64_TO_32_BIT_CONVERSION = YES;
				GCC_WARN_ABOUT_RETURN_TYPE = YES_ERROR;
				GCC_WARN_UNDECLARED_SELECTOR = YES;
				GCC_WARN_UNINITIALIZED_AUTOS = YES_AGGRESSIVE;
				GCC_WARN_UNUSED_FUNCTION = YES;
				GCC_WARN_UNUSED_VARIABLE = YES;
				IPHONEOS_DEPLOYMENT_TARGET = 15.5;
				MTL_ENABLE_DEBUG_INFO = INCLUDE_SOURCE;
				MTL_FAST_MATH = YES;
				ONLY_ACTIVE_ARCH = YES;
				SDKROOT = iphoneos;
				SWIFT_ACTIVE_COMPILATION_CONDITIONS = DEBUG;
				SWIFT_OPTIMIZATION_LEVEL = "-Onone";
			};
			name = Debug;
		};
		B515B3C928B6495D00BB0927 /* Release */ = {
			isa = XCBuildConfiguration;
			buildSettings = {
				ALWAYS_SEARCH_USER_PATHS = NO;
				CLANG_ANALYZER_NONNULL = YES;
				CLANG_ANALYZER_NUMBER_OBJECT_CONVERSION = YES_AGGRESSIVE;
				CLANG_CXX_LANGUAGE_STANDARD = "gnu++17";
				CLANG_ENABLE_MODULES = YES;
				CLANG_ENABLE_OBJC_ARC = YES;
				CLANG_ENABLE_OBJC_WEAK = YES;
				CLANG_WARN_BLOCK_CAPTURE_AUTORELEASING = YES;
				CLANG_WARN_BOOL_CONVERSION = YES;
				CLANG_WARN_COMMA = YES;
				CLANG_WARN_CONSTANT_CONVERSION = YES;
				CLANG_WARN_DEPRECATED_OBJC_IMPLEMENTATIONS = YES;
				CLANG_WARN_DIRECT_OBJC_ISA_USAGE = YES_ERROR;
				CLANG_WARN_DOCUMENTATION_COMMENTS = YES;
				CLANG_WARN_EMPTY_BODY = YES;
				CLANG_WARN_ENUM_CONVERSION = YES;
				CLANG_WARN_INFINITE_RECURSION = YES;
				CLANG_WARN_INT_CONVERSION = YES;
				CLANG_WARN_NON_LITERAL_NULL_CONVERSION = YES;
				CLANG_WARN_OBJC_IMPLICIT_RETAIN_SELF = YES;
				CLANG_WARN_OBJC_LITERAL_CONVERSION = YES;
				CLANG_WARN_OBJC_ROOT_CLASS = YES_ERROR;
				CLANG_WARN_QUOTED_INCLUDE_IN_FRAMEWORK_HEADER = YES;
				CLANG_WARN_RANGE_LOOP_ANALYSIS = YES;
				CLANG_WARN_STRICT_PROTOTYPES = YES;
				CLANG_WARN_SUSPICIOUS_MOVE = YES;
				CLANG_WARN_UNGUARDED_AVAILABILITY = YES_AGGRESSIVE;
				CLANG_WARN_UNREACHABLE_CODE = YES;
				CLANG_WARN__DUPLICATE_METHOD_MATCH = YES;
				COPY_PHASE_STRIP = NO;
				DEBUG_INFORMATION_FORMAT = "dwarf-with-dsym";
				ENABLE_NS_ASSERTIONS = NO;
				ENABLE_STRICT_OBJC_MSGSEND = YES;
				GCC_C_LANGUAGE_STANDARD = gnu11;
				GCC_NO_COMMON_BLOCKS = YES;
				GCC_WARN_64_TO_32_BIT_CONVERSION = YES;
				GCC_WARN_ABOUT_RETURN_TYPE = YES_ERROR;
				GCC_WARN_UNDECLARED_SELECTOR = YES;
				GCC_WARN_UNINITIALIZED_AUTOS = YES_AGGRESSIVE;
				GCC_WARN_UNUSED_FUNCTION = YES;
				GCC_WARN_UNUSED_VARIABLE = YES;
				IPHONEOS_DEPLOYMENT_TARGET = 15.5;
				MTL_ENABLE_DEBUG_INFO = NO;
				MTL_FAST_MATH = YES;
				SDKROOT = iphoneos;
				SWIFT_COMPILATION_MODE = wholemodule;
				SWIFT_OPTIMIZATION_LEVEL = "-O";
				VALIDATE_PRODUCT = YES;
			};
			name = Release;
		};
		B515B3CB28B6495D00BB0927 /* Debug */ = {
			isa = XCBuildConfiguration;
			buildSettings = {
				ASSETCATALOG_COMPILER_APPICON_NAME = AppIcon;
				ASSETCATALOG_COMPILER_GLOBAL_ACCENT_COLOR_NAME = AccentColor;
				CODE_SIGN_STYLE = Automatic;
				CURRENT_PROJECT_VERSION = 1;
				DEVELOPMENT_TEAM = 53GC3N4RQ4;
				GENERATE_INFOPLIST_FILE = YES;
				INFOPLIST_FILE = PrinterCostCalculator/Info.plist;
				INFOPLIST_KEY_UIApplicationSupportsIndirectInputEvents = YES;
				INFOPLIST_KEY_UILaunchStoryboardName = LaunchScreen;
				INFOPLIST_KEY_UIMainStoryboardFile = Main;
				INFOPLIST_KEY_UISupportedInterfaceOrientations = UIInterfaceOrientationPortrait;
				INFOPLIST_KEY_UISupportedInterfaceOrientations_iPad = "UIInterfaceOrientationPortrait UIInterfaceOrientationPortraitUpsideDown UIInterfaceOrientationLandscapeLeft UIInterfaceOrientationLandscapeRight";
				INFOPLIST_KEY_UISupportedInterfaceOrientations_iPhone = "UIInterfaceOrientationPortrait UIInterfaceOrientationLandscapeLeft UIInterfaceOrientationLandscapeRight";
				LD_RUNPATH_SEARCH_PATHS = (
					"$(inherited)",
					"@executable_path/Frameworks",
				);
				MARKETING_VERSION = 1.0;
				PRODUCT_BUNDLE_IDENTIFIER = com.berkayuysak.PrinterCostCalculator;
				PRODUCT_NAME = "$(TARGET_NAME)";
				SWIFT_EMIT_LOC_STRINGS = YES;
				SWIFT_VERSION = 5.0;
				TARGETED_DEVICE_FAMILY = "1,2";
			};
			name = Debug;
		};
		B515B3CC28B6495D00BB0927 /* Release */ = {
			isa = XCBuildConfiguration;
			buildSettings = {
				ASSETCATALOG_COMPILER_APPICON_NAME = AppIcon;
				ASSETCATALOG_COMPILER_GLOBAL_ACCENT_COLOR_NAME = AccentColor;
				CODE_SIGN_STYLE = Automatic;
				CURRENT_PROJECT_VERSION = 1;
				DEVELOPMENT_TEAM = 53GC3N4RQ4;
				GENERATE_INFOPLIST_FILE = YES;
				INFOPLIST_FILE = PrinterCostCalculator/Info.plist;
				INFOPLIST_KEY_UIApplicationSupportsIndirectInputEvents = YES;
				INFOPLIST_KEY_UILaunchStoryboardName = LaunchScreen;
				INFOPLIST_KEY_UIMainStoryboardFile = Main;
				INFOPLIST_KEY_UISupportedInterfaceOrientations = UIInterfaceOrientationPortrait;
				INFOPLIST_KEY_UISupportedInterfaceOrientations_iPad = "UIInterfaceOrientationPortrait UIInterfaceOrientationPortraitUpsideDown UIInterfaceOrientationLandscapeLeft UIInterfaceOrientationLandscapeRight";
				INFOPLIST_KEY_UISupportedInterfaceOrientations_iPhone = "UIInterfaceOrientationPortrait UIInterfaceOrientationLandscapeLeft UIInterfaceOrientationLandscapeRight";
				LD_RUNPATH_SEARCH_PATHS = (
					"$(inherited)",
					"@executable_path/Frameworks",
				);
				MARKETING_VERSION = 1.0;
				PRODUCT_BUNDLE_IDENTIFIER = com.berkayuysak.PrinterCostCalculator;
				PRODUCT_NAME = "$(TARGET_NAME)";
				SWIFT_EMIT_LOC_STRINGS = YES;
				SWIFT_VERSION = 5.0;
				TARGETED_DEVICE_FAMILY = "1,2";
			};
			name = Release;
		};
/* End XCBuildConfiguration section */

/* Begin XCConfigurationList section */
		B515B3B128B6495B00BB0927 /* Build configuration list for PBXProject "PrinterCostCalculator" */ = {
			isa = XCConfigurationList;
			buildConfigurations = (
				B515B3C828B6495D00BB0927 /* Debug */,
				B515B3C928B6495D00BB0927 /* Release */,
			);
			defaultConfigurationIsVisible = 0;
			defaultConfigurationName = Release;
		};
		B515B3CA28B6495D00BB0927 /* Build configuration list for PBXNativeTarget "PrinterCostCalculator" */ = {
			isa = XCConfigurationList;
			buildConfigurations = (
				B515B3CB28B6495D00BB0927 /* Debug */,
				B515B3CC28B6495D00BB0927 /* Release */,
			);
			defaultConfigurationIsVisible = 0;
			defaultConfigurationName = Release;
		};
/* End XCConfigurationList section */

/* Begin XCRemoteSwiftPackageReference section */
		B515B3D528B66C1500BB0927 /* XCRemoteSwiftPackageReference "firebase-ios-sdk" */ = {
			isa = XCRemoteSwiftPackageReference;
			repositoryURL = "https://github.com/firebase/firebase-ios-sdk";
			requirement = {
				kind = upToNextMajorVersion;
				minimumVersion = 9.0.0;
			};
		};
/* End XCRemoteSwiftPackageReference section */

/* Begin XCSwiftPackageProductDependency section */
		B515B3D628B66C1500BB0927 /* FirebaseAuth */ = {
			isa = XCSwiftPackageProductDependency;
			package = B515B3D528B66C1500BB0927 /* XCRemoteSwiftPackageReference "firebase-ios-sdk" */;
			productName = FirebaseAuth;
		};
		B515B3D828B66C1500BB0927 /* FirebaseDatabase */ = {
			isa = XCSwiftPackageProductDependency;
			package = B515B3D528B66C1500BB0927 /* XCRemoteSwiftPackageReference "firebase-ios-sdk" */;
			productName = FirebaseDatabase;
		};
		B515B3DA28B66C1500BB0927 /* FirebaseDatabaseSwift */ = {
			isa = XCSwiftPackageProductDependency;
			package = B515B3D528B66C1500BB0927 /* XCRemoteSwiftPackageReference "firebase-ios-sdk" */;
			productName = FirebaseDatabaseSwift;
		};
		B515B3DC28B66C1500BB0927 /* FirebaseFirestore */ = {
			isa = XCSwiftPackageProductDependency;
			package = B515B3D528B66C1500BB0927 /* XCRemoteSwiftPackageReference "firebase-ios-sdk" */;
			productName = FirebaseFirestore;
		};
		B515B3DE28B66C1500BB0927 /* FirebaseFirestoreSwift */ = {
			isa = XCSwiftPackageProductDependency;
			package = B515B3D528B66C1500BB0927 /* XCRemoteSwiftPackageReference "firebase-ios-sdk" */;
			productName = FirebaseFirestoreSwift;
		};
		B515B3E028B66C1500BB0927 /* FirebaseStorage */ = {
			isa = XCSwiftPackageProductDependency;
			package = B515B3D528B66C1500BB0927 /* XCRemoteSwiftPackageReference "firebase-ios-sdk" */;
			productName = FirebaseStorage;
		};
/* End XCSwiftPackageProductDependency section */
	};
	rootObject = B515B3AE28B6495B00BB0927 /* Project object */;
}
